// !$*UTF8*$!
{
	archiveVersion = 1;
	classes = {
	};
	objectVersion = 46;
	objects = {

/* Begin PBXBuildFile section */
		026AB9761E73973C00D4701A /* functions.c in Sources */ = {isa = PBXBuildFile; fileRef = 026AB9701E73953F00D4701A /* functions.c */; };
		026AB9771E73975800D4701A /* testCase.c in Sources */ = {isa = PBXBuildFile; fileRef = 026AB9721E73954000D4701A /* testCase.c */; };
/* End PBXBuildFile section */

/* Begin PBXCopyFilesBuildPhase section */
		026AB9641E73952700D4701A /* CopyFiles */ = {
			isa = PBXCopyFilesBuildPhase;
			buildActionMask = 2147483647;
			dstPath = /usr/share/man/man1/;
			dstSubfolderSpec = 0;
			files = (
			);
			runOnlyForDeploymentPostprocessing = 1;
		};
/* End PBXCopyFilesBuildPhase section */

/* Begin PBXFileReference section */
		026AB9661E73952800D4701A /* q3 */ = {isa = PBXFileReference; explicitFileType = "compiled.mach-o.executable"; includeInIndex = 0; path = q3; sourceTree = BUILT_PRODUCTS_DIR; };
		026AB9691E73952800D4701A /* main.c */ = {isa = PBXFileReference; lastKnownFileType = sourcecode.c.c; path = main.c; sourceTree = "<group>"; };
		026AB9701E73953F00D4701A /* functions.c */ = {isa = PBXFileReference; fileEncoding = 4; lastKnownFileType = sourcecode.c.c; name = functions.c; path = ../../functions.c; sourceTree = "<group>"; };
		026AB9711E73954000D4701A /* functions.h */ = {isa = PBXFileReference; fileEncoding = 4; lastKnownFileType = sourcecode.c.h; name = functions.h; path = ../../functions.h; sourceTree = "<group>"; };
		026AB9721E73954000D4701A /* testCase.c */ = {isa = PBXFileReference; fileEncoding = 4; lastKnownFileType = sourcecode.c.c; lineEnding = 0; name = testCase.c; path = ../../testCase.c; sourceTree = "<group>"; usesTabs = 0; };
		026AB9731E73954000D4701A /* testCase.h */ = {isa = PBXFileReference; fileEncoding = 4; lastKnownFileType = sourcecode.c.h; name = testCase.h; path = ../../testCase.h; sourceTree = "<group>"; };
/* End PBXFileReference section */

/* Begin PBXFrameworksBuildPhase section */
		026AB9631E73952700D4701A /* Frameworks */ = {
			isa = PBXFrameworksBuildPhase;
			buildActionMask = 2147483647;
			files = (
			);
			runOnlyForDeploymentPostprocessing = 0;
		};
/* End PBXFrameworksBuildPhase section */

/* Begin PBXGroup section */
		026AB95D1E73952700D4701A = {
			isa = PBXGroup;
			children = (
				026AB9681E73952800D4701A /* q3 */,
				026AB9671E73952800D4701A /* Products */,
			);
			sourceTree = "<group>";
		};
		026AB9671E73952800D4701A /* Products */ = {
			isa = PBXGroup;
			children = (
				026AB9661E73952800D4701A /* q3 */,
			);
			name = Products;
			sourceTree = "<group>";
		};
		026AB9681E73952800D4701A /* q3 */ = {
			isa = PBXGroup;
			children = (
				026AB9691E73952800D4701A /* main.c */,
				026AB9701E73953F00D4701A /* functions.c */,
				026AB9711E73954000D4701A /* functions.h */,
				026AB9721E73954000D4701A /* testCase.c */,
				026AB9731E73954000D4701A /* testCase.h */,
			);
			path = q3;
			sourceTree = "<group>";
		};
/* End PBXGroup section */

/* Begin PBXNativeTarget section */
		026AB9651E73952700D4701A /* q3 */ = {
			isa = PBXNativeTarget;
			buildConfigurationList = 026AB96D1E73952800D4701A /* Build configuration list for PBXNativeTarget "q3" */;
			buildPhases = (
				026AB9621E73952700D4701A /* Sources */,
				026AB9631E73952700D4701A /* Frameworks */,
				026AB9641E73952700D4701A /* CopyFiles */,
			);
			buildRules = (
			);
			dependencies = (
			);
			name = q3;
			productName = q3;
			productReference = 026AB9661E73952800D4701A /* q3 */;
			productType = "com.apple.product-type.tool";
		};
/* End PBXNativeTarget section */

/* Begin PBXProject section */
		026AB95E1E73952700D4701A /* Project object */ = {
			isa = PBXProject;
			attributes = {
				LastUpgradeCheck = 0800;
				ORGANIZATIONNAME = "Eric Dunipace";
				TargetAttributes = {
					026AB9651E73952700D4701A = {
						CreatedOnToolsVersion = 8.0;
						ProvisioningStyle = Automatic;
					};
				};
			};
			buildConfigurationList = 026AB9611E73952700D4701A /* Build configuration list for PBXProject "q3" */;
			compatibilityVersion = "Xcode 3.2";
			developmentRegion = English;
			hasScannedForEncodings = 0;
			knownRegions = (
				en,
			);
			mainGroup = 026AB95D1E73952700D4701A;
			productRefGroup = 026AB9671E73952800D4701A /* Products */;
			projectDirPath = "";
			projectRoot = "";
			targets = (
				026AB9651E73952700D4701A /* q3 */,
			);
		};
/* End PBXProject section */

/* Begin PBXSourcesBuildPhase section */
		026AB9621E73952700D4701A /* Sources */ = {
			isa = PBXSourcesBuildPhase;
			buildActionMask = 2147483647;
			files = (
				026AB9761E73973C00D4701A /* functions.c in Sources */,
				026AB9771E73975800D4701A /* testCase.c in Sources */,
			);
			runOnlyForDeploymentPostprocessing = 0;
		};
/* End PBXSourcesBuildPhase section */

/* Begin XCBuildConfiguration section */
		026AB96B1E73952800D4701A /* Debug */ = {
			isa = XCBuildConfiguration;
			buildSettings = {
				ALWAYS_SEARCH_USER_PATHS = NO;
				CLANG_ANALYZER_NONNULL = YES;
				CLANG_CXX_LANGUAGE_STANDARD = "gnu++0x";
				CLANG_CXX_LIBRARY = "libc++";
				CLANG_ENABLE_MODULES = YES;
				CLANG_ENABLE_OBJC_ARC = YES;
				CLANG_WARN_BOOL_CONVERSION = YES;
				CLANG_WARN_CONSTANT_CONVERSION = YES;
				CLANG_WARN_DIRECT_OBJC_ISA_USAGE = YES_ERROR;
				CLANG_WARN_DOCUMENTATION_COMMENTS = YES;
				CLANG_WARN_EMPTY_BODY = YES;
				CLANG_WARN_ENUM_CONVERSION = YES;
				CLANG_WARN_INFINITE_RECURSION = YES;
				CLANG_WARN_INT_CONVERSION = YES;
				CLANG_WARN_OBJC_ROOT_CLASS = YES_ERROR;
				CLANG_WARN_SUSPICIOUS_MOVES = YES;
				CLANG_WARN_UNREACHABLE_CODE = YES;
				CLANG_WARN__DUPLICATE_METHOD_MATCH = YES;
				CODE_SIGN_IDENTITY = "-";
				COPY_PHASE_STRIP = NO;
				DEBUG_INFORMATION_FORMAT = dwarf;
				ENABLE_STRICT_OBJC_MSGSEND = YES;
				ENABLE_TESTABILITY = YES;
				GCC_C_LANGUAGE_STANDARD = gnu99;
				GCC_DYNAMIC_NO_PIC = NO;
				GCC_NO_COMMON_BLOCKS = YES;
				GCC_OPTIMIZATION_LEVEL = 0;
				GCC_PREPROCESSOR_DEFINITIONS = (
					"DEBUG=1",
					"$(inherited)",
				);
				GCC_WARN_64_TO_32_BIT_CONVERSION = YES;
				GCC_WARN_ABOUT_RETURN_TYPE = YES_ERROR;
				GCC_WARN_UNDECLARED_SELECTOR = YES;
				GCC_WARN_UNINITIALIZED_AUTOS = YES_AGGRESSIVE;
				GCC_WARN_UNUSED_FUNCTION = YES;
				GCC_WARN_UNUSED_VARIABLE = YES;
				MACOSX_DEPLOYMENT_TARGET = 10.12;
				MTL_ENABLE_DEBUG_INFO = YES;
				ONLY_ACTIVE_ARCH = YES;
				SDKROOT = macosx;
			};
			name = Debug;
		};
		026AB96C1E73952800D4701A /* Release */ = {
			isa = XCBuildConfiguration;
			buildSettings = {
				ALWAYS_SEARCH_USER_PATHS = NO;
				CLANG_ANALYZER_NONNULL = YES;
				CLANG_CXX_LANGUAGE_STANDARD = "gnu++0x";
				CLANG_CXX_LIBRARY = "libc++";
				CLANG_ENABLE_MODULES = YES;
				CLANG_ENABLE_OBJC_ARC = YES;
				CLANG_WARN_BOOL_CONVERSION = YES;
				CLANG_WARN_CONSTANT_CONVERSION = YES;
				CLANG_WARN_DIRECT_OBJC_ISA_USAGE = YES_ERROR;
				CLANG_WARN_DOCUMENTATION_COMMENTS = YES;
				CLANG_WARN_EMPTY_BODY = YES;
				CLANG_WARN_ENUM_CONVERSION = YES;
				CLANG_WARN_INFINITE_RECURSION = YES;
				CLANG_WARN_INT_CONVERSION = YES;
				CLANG_WARN_OBJC_ROOT_CLASS = YES_ERROR;
				CLANG_WARN_SUSPICIOUS_MOVES = YES;
				CLANG_WARN_UNREACHABLE_CODE = YES;
				CLANG_WARN__DUPLICATE_METHOD_MATCH = YES;
				CODE_SIGN_IDENTITY = "-";
				COPY_PHASE_STRIP = NO;
				DEBUG_INFORMATION_FORMAT = "dwarf-with-dsym";
				ENABLE_NS_ASSERTIONS = NO;
				ENABLE_STRICT_OBJC_MSGSEND = YES;
				GCC_C_LANGUAGE_STANDARD = gnu99;
				GCC_NO_COMMON_BLOCKS = YES;
				GCC_WARN_64_TO_32_BIT_CONVERSION = YES;
				GCC_WARN_ABOUT_RETURN_TYPE = YES_ERROR;
				GCC_WARN_UNDECLARED_SELECTOR = YES;
				GCC_WARN_UNINITIALIZED_AUTOS = YES_AGGRESSIVE;
				GCC_WARN_UNUSED_FUNCTION = YES;
				GCC_WARN_UNUSED_VARIABLE = YES;
				MACOSX_DEPLOYMENT_TARGET = 10.12;
				MTL_ENABLE_DEBUG_INFO = NO;
				SDKROOT = macosx;
			};
			name = Release;
		};
		026AB96E1E73952800D4701A /* Debug */ = {
			isa = XCBuildConfiguration;
			buildSettings = {
				PRODUCT_NAME = "$(TARGET_NAME)";
			};
			name = Debug;
		};
		026AB96F1E73952800D4701A /* Release */ = {
			isa = XCBuildConfiguration;
			buildSettings = {
				PRODUCT_NAME = "$(TARGET_NAME)";
			};
			name = Release;
		};
/* End XCBuildConfiguration section */

/* Begin XCConfigurationList section */
		026AB9611E73952700D4701A /* Build configuration list for PBXProject "q3" */ = {
			isa = XCConfigurationList;
			buildConfigurations = (
				026AB96B1E73952800D4701A /* Debug */,
				026AB96C1E73952800D4701A /* Release */,
			);
			defaultConfigurationIsVisible = 0;
			defaultConfigurationName = Release;
		};
		026AB96D1E73952800D4701A /* Build configuration list for PBXNativeTarget "q3" */ = {
			isa = XCConfigurationList;
			buildConfigurations = (
				026AB96E1E73952800D4701A /* Debug */,
				026AB96F1E73952800D4701A /* Release */,
			);
			defaultConfigurationIsVisible = 0;
		};
/* End XCConfigurationList section */
	};
	rootObject = 026AB95E1E73952700D4701A /* Project object */;
}
