// !$*UTF8*$!
{
	archiveVersion = 1;
	classes = {
	};
	objectVersion = 46;
	objects = {

/* Begin PBXFileReference section */
		026AB9591E7394C200D4701A /* functions.c */ = {isa = PBXFileReference; lastKnownFileType = sourcecode.c.c; name = functions.c; path = ../functions.c; sourceTree = "<group>"; usesTabs = 0; };
		026AB95A1E7394C200D4701A /* functions.h */ = {isa = PBXFileReference; lastKnownFileType = sourcecode.c.h; name = functions.h; path = ../functions.h; sourceTree = "<group>"; };
		026AB95B1E7394C200D4701A /* testCase.c */ = {isa = PBXFileReference; lastKnownFileType = sourcecode.c.c; lineEnding = 0; name = testCase.c; path = ../testCase.c; sourceTree = "<group>"; };
		026AB95C1E7394C200D4701A /* testCase.h */ = {isa = PBXFileReference; lastKnownFileType = sourcecode.c.h; name = testCase.h; path = ../testCase.h; sourceTree = "<group>"; };
/* End PBXFileReference section */

/* Begin PBXGroup section */
		026AB9521E7394AE00D4701A = {
			isa = PBXGroup;
			children = (
				026AB9591E7394C200D4701A /* functions.c */,
				026AB95A1E7394C200D4701A /* functions.h */,
				026AB95B1E7394C200D4701A /* testCase.c */,
				026AB95C1E7394C200D4701A /* testCase.h */,
			);
			sourceTree = "<group>";
		};
/* End PBXGroup section */

/* Begin PBXProject section */
		026AB9531E7394AE00D4701A /* Project object */ = {
			isa = PBXProject;
			attributes = {
				LastUpgradeCheck = 0800;
			};
			buildConfigurationList = 026AB9561E7394AE00D4701A /* Build configuration list for PBXProject "q2" */;
			compatibilityVersion = "Xcode 3.2";
			developmentRegion = English;
			hasScannedForEncodings = 0;
			knownRegions = (
				en,
			);
			mainGroup = 026AB9521E7394AE00D4701A;
			projectDirPath = "";
			projectRoot = "";
			targets = (
			);
		};
/* End PBXProject section */

/* Begin XCBuildConfiguration section */
		026AB9571E7394AE00D4701A /* Debug */ = {
			isa = XCBuildConfiguration;
			buildSettings = {
			};
			name = Debug;
		};
		026AB9581E7394AE00D4701A /* Release */ = {
			isa = XCBuildConfiguration;
			buildSettings = {
			};
			name = Release;
		};
/* End XCBuildConfiguration section */

/* Begin XCConfigurationList section */
		026AB9561E7394AE00D4701A /* Build configuration list for PBXProject "q2" */ = {
			isa = XCConfigurationList;
			buildConfigurations = (
				026AB9571E7394AE00D4701A /* Debug */,
				026AB9581E7394AE00D4701A /* Release */,
			);
			defaultConfigurationIsVisible = 0;
			defaultConfigurationName = Release;
		};
/* End XCConfigurationList section */
	};
	rootObject = 026AB9531E7394AE00D4701A /* Project object */;
}
